
Microsoft Visual Studio Solution File, Format Version 12.00
# Visual Studio Version 17
VisualStudioVersion = 17.1.32228.430
MinimumVisualStudioVersion = 10.0.40219.1
Project("{FAE04EC0-301F-11D3-BF4B-00C04F79EFBC}") = "WpfApp1", "WpfApp1\WpfApp1.csproj", "{29AAE87D-2AA7-450D-B83F-94477517359E}"
EndProject
Project("{2150E333-8FDC-42A3-9474-1A3956D46DE8}") = "Элементы решения", "Элементы решения", "{046A6AA4-6AB8-4B98-A080-CB262253DA01}"
EndProject
Global
	GlobalSection(SolutionConfigurationPlatforms) = preSolution
		Debug|Any CPU = Debug|Any CPU
		Release|Any CPU = Release|Any CPU
	EndGlobalSection
	GlobalSection(ProjectConfigurationPlatforms) = postSolution
		{29AAE87D-2AA7-450D-B83F-94477517359E}.Debug|Any CPU.ActiveCfg = Debug|Any CPU
		{29AAE87D-2AA7-450D-B83F-94477517359E}.Debug|Any CPU.Build.0 = Debug|Any CPU
		{29AAE87D-2AA7-450D-B83F-94477517359E}.Release|Any CPU.ActiveCfg = Release|Any CPU
		{29AAE87D-2AA7-450D-B83F-94477517359E}.Release|Any CPU.Build.0 = Release|Any CPU
	EndGlobalSection
	GlobalSection(SolutionProperties) = preSolution
		HideSolutionNode = FALSE
	EndGlobalSection
	GlobalSection(ExtensibilityGlobals) = postSolution
		SolutionGuid = {7F776C4C-C83E-4F66-B553-83E2DE54CC6B}
	EndGlobalSection
EndGlobal
